
Microsoft Visual Studio Solution File, Format Version 12.00
# Visual Studio Version 16
VisualStudioVersion = 16.0.29009.5
MinimumVisualStudioVersion = 10.0.40219.1
Project("{9A19103F-16F7-4668-BE54-9A1E7A4F7556}") = "Integration.DeveloperPortal", "Integration.DeveloperPortal\Integration.DeveloperPortal.csproj", "{275CA754-9A36-4535-9995-6AA70FDD5A13}"
EndProject
Project("{9A19103F-16F7-4668-BE54-9A1E7A4F7556}") = "Integration.DeveloperPortal.DependencyResolution", "Integration.DeveloperPortal.DependencyResolution\Integration.DeveloperPortal.DependencyResolution.csproj", "{C142B7E8-7802-4F34-A3F3-697F3E46D05D}"
EndProject
Project("{9A19103F-16F7-4668-BE54-9A1E7A4F7556}") = "Integration.DeveloperPortal.Logic", "Integration.DeveloperPortal.Logic\Integration.DeveloperPortal.Logic.csproj", "{A40EECF2-BB45-49A0-BC71-856EDDFB0FB8}"
EndProject
Project("{9A19103F-16F7-4668-BE54-9A1E7A4F7556}") = "Integration.DeveloperPortal.Model", "Integration.DeveloperPortal.Model\Integration.DeveloperPortal.Model.csproj", "{487C273B-12BC-4851-9515-7A4EF886D903}"
EndProject
Project("{9A19103F-16F7-4668-BE54-9A1E7A4F7556}") = "Integration.DeveloperPortal.Repository", "Integration.DeveloperPortal.Repository\Integration.DeveloperPortal.Repository.csproj", "{D759857C-4AF6-47C5-875A-C619D07A4EB3}"
EndProject
Project("{FAE04EC0-301F-11D3-BF4B-00C04F79EFBC}") = "Integration.DeveloperPortal.Authentication", "Integration.DeveloperPortal.Authentication\Integration.DeveloperPortal.Authentication.csproj", "{7E80F4CB-9D5F-432B-A2C3-0CA35A92791B}"
EndProject
Global
	GlobalSection(SolutionConfigurationPlatforms) = preSolution
		Debug|Any CPU = Debug|Any CPU
		Release|Any CPU = Release|Any CPU
	EndGlobalSection
	GlobalSection(ProjectConfigurationPlatforms) = postSolution
		{275CA754-9A36-4535-9995-6AA70FDD5A13}.Debug|Any CPU.ActiveCfg = Debug|Any CPU
		{275CA754-9A36-4535-9995-6AA70FDD5A13}.Debug|Any CPU.Build.0 = Debug|Any CPU
		{275CA754-9A36-4535-9995-6AA70FDD5A13}.Release|Any CPU.ActiveCfg = Release|Any CPU
		{275CA754-9A36-4535-9995-6AA70FDD5A13}.Release|Any CPU.Build.0 = Release|Any CPU
		{C142B7E8-7802-4F34-A3F3-697F3E46D05D}.Debug|Any CPU.ActiveCfg = Debug|Any CPU
		{C142B7E8-7802-4F34-A3F3-697F3E46D05D}.Debug|Any CPU.Build.0 = Debug|Any CPU
		{C142B7E8-7802-4F34-A3F3-697F3E46D05D}.Release|Any CPU.ActiveCfg = Release|Any CPU
		{C142B7E8-7802-4F34-A3F3-697F3E46D05D}.Release|Any CPU.Build.0 = Release|Any CPU
		{A40EECF2-BB45-49A0-BC71-856EDDFB0FB8}.Debug|Any CPU.ActiveCfg = Debug|Any CPU
		{A40EECF2-BB45-49A0-BC71-856EDDFB0FB8}.Debug|Any CPU.Build.0 = Debug|Any CPU
		{A40EECF2-BB45-49A0-BC71-856EDDFB0FB8}.Release|Any CPU.ActiveCfg = Release|Any CPU
		{A40EECF2-BB45-49A0-BC71-856EDDFB0FB8}.Release|Any CPU.Build.0 = Release|Any CPU
		{487C273B-12BC-4851-9515-7A4EF886D903}.Debug|Any CPU.ActiveCfg = Debug|Any CPU
		{487C273B-12BC-4851-9515-7A4EF886D903}.Debug|Any CPU.Build.0 = Debug|Any CPU
		{487C273B-12BC-4851-9515-7A4EF886D903}.Release|Any CPU.ActiveCfg = Release|Any CPU
		{487C273B-12BC-4851-9515-7A4EF886D903}.Release|Any CPU.Build.0 = Release|Any CPU
		{D759857C-4AF6-47C5-875A-C619D07A4EB3}.Debug|Any CPU.ActiveCfg = Debug|Any CPU
		{D759857C-4AF6-47C5-875A-C619D07A4EB3}.Debug|Any CPU.Build.0 = Debug|Any CPU
		{D759857C-4AF6-47C5-875A-C619D07A4EB3}.Release|Any CPU.ActiveCfg = Release|Any CPU
		{D759857C-4AF6-47C5-875A-C619D07A4EB3}.Release|Any CPU.Build.0 = Release|Any CPU
		{7E80F4CB-9D5F-432B-A2C3-0CA35A92791B}.Debug|Any CPU.ActiveCfg = Debug|Any CPU
		{7E80F4CB-9D5F-432B-A2C3-0CA35A92791B}.Debug|Any CPU.Build.0 = Debug|Any CPU
		{7E80F4CB-9D5F-432B-A2C3-0CA35A92791B}.Release|Any CPU.ActiveCfg = Release|Any CPU
		{7E80F4CB-9D5F-432B-A2C3-0CA35A92791B}.Release|Any CPU.Build.0 = Release|Any CPU
	EndGlobalSection
	GlobalSection(SolutionProperties) = preSolution
		HideSolutionNode = FALSE
	EndGlobalSection
	GlobalSection(ExtensibilityGlobals) = postSolution
		SolutionGuid = {94026ADB-ABF8-4D7D-8C26-4753B31BA67E}
	EndGlobalSection
EndGlobal
